
Microsoft Visual Studio Solution File, Format Version 12.00
# Visual Studio Version 17
VisualStudioVersion = 17.5.33530.505
MinimumVisualStudioVersion = 10.0.40219.1
Project("{FAE04EC0-301F-11D3-BF4B-00C04F79EFBC}") = "Application", "Application\Application.csproj", "{22869DF8-9325-4364-9180-CE80CBD70A53}"
	ProjectSection(ProjectDependencies) = postProject
		{D9A4568A-AE1C-4C42-B9E5-C7AC65634127} = {D9A4568A-AE1C-4C42-B9E5-C7AC65634127}
	EndProjectSection
EndProject
Project("{FAE04EC0-301F-11D3-BF4B-00C04F79EFBC}") = "Domain", "Domain\Domain.csproj", "{D9A4568A-AE1C-4C42-B9E5-C7AC65634127}"
EndProject
Project("{FAE04EC0-301F-11D3-BF4B-00C04F79EFBC}") = "Infrastructure", "Infrastructure\Infrastructure.csproj", "{4D883F30-E47F-41CC-A9D8-31C1F603F8BF}"
	ProjectSection(ProjectDependencies) = postProject
		{D9A4568A-AE1C-4C42-B9E5-C7AC65634127} = {D9A4568A-AE1C-4C42-B9E5-C7AC65634127}
	EndProjectSection
EndProject
Project("{FAE04EC0-301F-11D3-BF4B-00C04F79EFBC}") = "WebAPI", "WebAPI\WebAPI.csproj", "{7E4971A3-9191-4CE9-807B-684786558B86}"
EndProject
Global
	GlobalSection(SolutionConfigurationPlatforms) = preSolution
		Debug|Any CPU = Debug|Any CPU
		Release|Any CPU = Release|Any CPU
	EndGlobalSection
	GlobalSection(ProjectConfigurationPlatforms) = postSolution
		{22869DF8-9325-4364-9180-CE80CBD70A53}.Debug|Any CPU.ActiveCfg = Debug|Any CPU
		{22869DF8-9325-4364-9180-CE80CBD70A53}.Debug|Any CPU.Build.0 = Debug|Any CPU
		{22869DF8-9325-4364-9180-CE80CBD70A53}.Release|Any CPU.ActiveCfg = Release|Any CPU
		{22869DF8-9325-4364-9180-CE80CBD70A53}.Release|Any CPU.Build.0 = Release|Any CPU
		{D9A4568A-AE1C-4C42-B9E5-C7AC65634127}.Debug|Any CPU.ActiveCfg = Debug|Any CPU
		{D9A4568A-AE1C-4C42-B9E5-C7AC65634127}.Debug|Any CPU.Build.0 = Debug|Any CPU
		{D9A4568A-AE1C-4C42-B9E5-C7AC65634127}.Release|Any CPU.ActiveCfg = Release|Any CPU
		{D9A4568A-AE1C-4C42-B9E5-C7AC65634127}.Release|Any CPU.Build.0 = Release|Any CPU
		{4D883F30-E47F-41CC-A9D8-31C1F603F8BF}.Debug|Any CPU.ActiveCfg = Debug|Any CPU
		{4D883F30-E47F-41CC-A9D8-31C1F603F8BF}.Debug|Any CPU.Build.0 = Debug|Any CPU
		{4D883F30-E47F-41CC-A9D8-31C1F603F8BF}.Release|Any CPU.ActiveCfg = Release|Any CPU
		{4D883F30-E47F-41CC-A9D8-31C1F603F8BF}.Release|Any CPU.Build.0 = Release|Any CPU
		{7E4971A3-9191-4CE9-807B-684786558B86}.Debug|Any CPU.ActiveCfg = Debug|Any CPU
		{7E4971A3-9191-4CE9-807B-684786558B86}.Debug|Any CPU.Build.0 = Debug|Any CPU
		{7E4971A3-9191-4CE9-807B-684786558B86}.Release|Any CPU.ActiveCfg = Release|Any CPU
		{7E4971A3-9191-4CE9-807B-684786558B86}.Release|Any CPU.Build.0 = Release|Any CPU
	EndGlobalSection
	GlobalSection(SolutionProperties) = preSolution
		HideSolutionNode = FALSE
	EndGlobalSection
	GlobalSection(ExtensibilityGlobals) = postSolution
		SolutionGuid = {87CFC785-E6D9-40CF-84C7-8FDF1A3CE1DA}
	EndGlobalSection
EndGlobal
